// !$*UTF8*$!
{
	archiveVersion = 1;
	classes = {
	};
	objectVersion = 46;
	objects = {

/* Begin PBXBuildFile section */
		5D9F0B721A88B5C200EBB7D8 /* TouchView.swift in Sources */ = {isa = PBXBuildFile; fileRef = 5D9F0B711A88B5C200EBB7D8 /* TouchView.swift */; };
		5DA191BF1A864A000088702C /* Default-568h@2x.png in Resources */ = {isa = PBXBuildFile; fileRef = 5DA191BE1A864A000088702C /* Default-568h@2x.png */; };
		5DA191CA1A864AFD0088702C /* Accelerate.framework in Frameworks */ = {isa = PBXBuildFile; fileRef = 5DA191C01A864AFD0088702C /* Accelerate.framework */; };
		5DA191CB1A864AFD0088702C /* AudioToolbox.framework in Frameworks */ = {isa = PBXBuildFile; fileRef = 5DA191C11A864AFD0088702C /* AudioToolbox.framework */; };
		5DA191CC1A864AFD0088702C /* AVFoundation.framework in Frameworks */ = {isa = PBXBuildFile; fileRef = 5DA191C21A864AFD0088702C /* AVFoundation.framework */; };
		5DA191CD1A864AFD0088702C /* CFNetwork.framework in Frameworks */ = {isa = PBXBuildFile; fileRef = 5DA191C31A864AFD0088702C /* CFNetwork.framework */; };
		5DA191CE1A864AFD0088702C /* CoreFoundation.framework in Frameworks */ = {isa = PBXBuildFile; fileRef = 5DA191C41A864AFD0088702C /* CoreFoundation.framework */; };
		5DA191CF1A864AFD0088702C /* CoreGraphics.framework in Frameworks */ = {isa = PBXBuildFile; fileRef = 5DA191C51A864AFD0088702C /* CoreGraphics.framework */; };
		5DA191D01A864AFD0088702C /* CoreMIDI.framework in Frameworks */ = {isa = PBXBuildFile; fileRef = 5DA191C61A864AFD0088702C /* CoreMIDI.framework */; };
		5DA191D11A864AFD0088702C /* Foundation.framework in Frameworks */ = {isa = PBXBuildFile; fileRef = 5DA191C71A864AFD0088702C /* Foundation.framework */; };
		5DA191D21A864AFD0088702C /* MediaPlayer.framework in Frameworks */ = {isa = PBXBuildFile; fileRef = 5DA191C81A864AFD0088702C /* MediaPlayer.framework */; };
		5DA191D31A864AFD0088702C /* UIKit.framework in Frameworks */ = {isa = PBXBuildFile; fileRef = 5DA191C91A864AFD0088702C /* UIKit.framework */; };
		5DA194E81A8650210088702C /* SCClassLibrary in Resources */ = {isa = PBXBuildFile; fileRef = 5DA194E71A8650210088702C /* SCClassLibrary */; };
		5DB692DE1A88AEA600D491F6 /* AppDelegate.swift in Sources */ = {isa = PBXBuildFile; fileRef = 5DB692DB1A88AEA600D491F6 /* AppDelegate.swift */; };
		5DB692DF1A88AEA600D491F6 /* ViewController.swift in Sources */ = {isa = PBXBuildFile; fileRef = 5DB692DD1A88AEA600D491F6 /* ViewController.swift */; };
		5DB692E31A88AEDC00D491F6 /* Images.xcassets in Resources */ = {isa = PBXBuildFile; fileRef = 5DB692E11A88AEDC00D491F6 /* Images.xcassets */; };
		5DBDD2C1257AA41400D1A4A5 /* libc++.tbd in Frameworks */ = {isa = PBXBuildFile; fileRef = 5DBDD2BD257AA3F400D1A4A5 /* libc++.tbd */; };
		5DBDD2C2257AA41400D1A4A5 /* libc++abi.tbd in Frameworks */ = {isa = PBXBuildFile; fileRef = 5DBDD2BE257AA3F400D1A4A5 /* libc++abi.tbd */; };
/* End PBXBuildFile section */

/* Begin PBXFileReference section */
		5D9F0B711A88B5C200EBB7D8 /* TouchView.swift */ = {isa = PBXFileReference; fileEncoding = 4; lastKnownFileType = sourcecode.swift; path = TouchView.swift; sourceTree = "<group>"; };
		5DA191991A86499A0088702C /* iSCAppSwift.app */ = {isa = PBXFileReference; explicitFileType = wrapper.application; includeInIndex = 0; path = iSCAppSwift.app; sourceTree = BUILT_PRODUCTS_DIR; };
		5DA191BE1A864A000088702C /* Default-568h@2x.png */ = {isa = PBXFileReference; lastKnownFileType = image.png; path = "Default-568h@2x.png"; sourceTree = "<group>"; };
		5DA191C01A864AFD0088702C /* Accelerate.framework */ = {isa = PBXFileReference; lastKnownFileType = wrapper.framework; name = Accelerate.framework; path = System/Library/Frameworks/Accelerate.framework; sourceTree = SDKROOT; };
		5DA191C11A864AFD0088702C /* AudioToolbox.framework */ = {isa = PBXFileReference; lastKnownFileType = wrapper.framework; name = AudioToolbox.framework; path = System/Library/Frameworks/AudioToolbox.framework; sourceTree = SDKROOT; };
		5DA191C21A864AFD0088702C /* AVFoundation.framework */ = {isa = PBXFileReference; lastKnownFileType = wrapper.framework; name = AVFoundation.framework; path = System/Library/Frameworks/AVFoundation.framework; sourceTree = SDKROOT; };
		5DA191C31A864AFD0088702C /* CFNetwork.framework */ = {isa = PBXFileReference; lastKnownFileType = wrapper.framework; name = CFNetwork.framework; path = System/Library/Frameworks/CFNetwork.framework; sourceTree = SDKROOT; };
		5DA191C41A864AFD0088702C /* CoreFoundation.framework */ = {isa = PBXFileReference; lastKnownFileType = wrapper.framework; name = CoreFoundation.framework; path = System/Library/Frameworks/CoreFoundation.framework; sourceTree = SDKROOT; };
		5DA191C51A864AFD0088702C /* CoreGraphics.framework */ = {isa = PBXFileReference; lastKnownFileType = wrapper.framework; name = CoreGraphics.framework; path = System/Library/Frameworks/CoreGraphics.framework; sourceTree = SDKROOT; };
		5DA191C61A864AFD0088702C /* CoreMIDI.framework */ = {isa = PBXFileReference; lastKnownFileType = wrapper.framework; name = CoreMIDI.framework; path = System/Library/Frameworks/CoreMIDI.framework; sourceTree = SDKROOT; };
		5DA191C71A864AFD0088702C /* Foundation.framework */ = {isa = PBXFileReference; lastKnownFileType = wrapper.framework; name = Foundation.framework; path = System/Library/Frameworks/Foundation.framework; sourceTree = SDKROOT; };
		5DA191C81A864AFD0088702C /* MediaPlayer.framework */ = {isa = PBXFileReference; lastKnownFileType = wrapper.framework; name = MediaPlayer.framework; path = System/Library/Frameworks/MediaPlayer.framework; sourceTree = SDKROOT; };
		5DA191C91A864AFD0088702C /* UIKit.framework */ = {isa = PBXFileReference; lastKnownFileType = wrapper.framework; name = UIKit.framework; path = System/Library/Frameworks/UIKit.framework; sourceTree = SDKROOT; };
		5DA194E71A8650210088702C /* SCClassLibrary */ = {isa = PBXFileReference; lastKnownFileType = folder; path = SCClassLibrary; sourceTree = "<group>"; };
		5DB692DB1A88AEA600D491F6 /* AppDelegate.swift */ = {isa = PBXFileReference; fileEncoding = 4; lastKnownFileType = sourcecode.swift; path = AppDelegate.swift; sourceTree = "<group>"; };
		5DB692DC1A88AEA600D491F6 /* Bridging-Header.h */ = {isa = PBXFileReference; fileEncoding = 4; lastKnownFileType = sourcecode.c.h; path = "Bridging-Header.h"; sourceTree = "<group>"; };
		5DB692DD1A88AEA600D491F6 /* ViewController.swift */ = {isa = PBXFileReference; fileEncoding = 4; lastKnownFileType = sourcecode.swift; path = ViewController.swift; sourceTree = "<group>"; };
		5DB692E11A88AEDC00D491F6 /* Images.xcassets */ = {isa = PBXFileReference; lastKnownFileType = folder.assetcatalog; path = Images.xcassets; sourceTree = "<group>"; };
		5DB692E21A88AEDC00D491F6 /* Info.plist */ = {isa = PBXFileReference; fileEncoding = 4; lastKnownFileType = text.plist.xml; path = Info.plist; sourceTree = "<group>"; };
		5DBDD2BD257AA3F400D1A4A5 /* libc++.tbd */ = {isa = PBXFileReference; lastKnownFileType = "sourcecode.text-based-dylib-definition"; name = "libc++.tbd"; path = "usr/lib/libc++.tbd"; sourceTree = SDKROOT; };
		5DBDD2BE257AA3F400D1A4A5 /* libc++abi.tbd */ = {isa = PBXFileReference; lastKnownFileType = "sourcecode.text-based-dylib-definition"; name = "libc++abi.tbd"; path = "usr/lib/libc++abi.tbd"; sourceTree = SDKROOT; };
/* End PBXFileReference section */

/* Begin PBXFrameworksBuildPhase section */
		5DA191961A86499A0088702C /* Frameworks */ = {
			isa = PBXFrameworksBuildPhase;
			buildActionMask = 2147483647;
			files = (
				5DA191CA1A864AFD0088702C /* Accelerate.framework in Frameworks */,
				5DBDD2C1257AA41400D1A4A5 /* libc++.tbd in Frameworks */,
				5DA191CB1A864AFD0088702C /* AudioToolbox.framework in Frameworks */,
				5DA191CC1A864AFD0088702C /* AVFoundation.framework in Frameworks */,
				5DA191CD1A864AFD0088702C /* CFNetwork.framework in Frameworks */,
				5DA191CE1A864AFD0088702C /* CoreFoundation.framework in Frameworks */,
				5DA191CF1A864AFD0088702C /* CoreGraphics.framework in Frameworks */,
				5DA191D01A864AFD0088702C /* CoreMIDI.framework in Frameworks */,
				5DA191D11A864AFD0088702C /* Foundation.framework in Frameworks */,
				5DBDD2C2257AA41400D1A4A5 /* libc++abi.tbd in Frameworks */,
				5DA191D21A864AFD0088702C /* MediaPlayer.framework in Frameworks */,
				5DA191D31A864AFD0088702C /* UIKit.framework in Frameworks */,
			);
			runOnlyForDeploymentPostprocessing = 0;
		};
/* End PBXFrameworksBuildPhase section */

/* Begin PBXGroup section */
		5DA191901A86499A0088702C = {
			isa = PBXGroup;
			children = (
				5DA191BE1A864A000088702C /* Default-568h@2x.png */,
				5DB692DA1A88AEA600D491F6 /* Codes */,
				5DB692E01A88AEDC00D491F6 /* Resources */,
				5DA191D81A864CD50088702C /* Frameworks */,
				5DA1919A1A86499A0088702C /* Products */,
				5DA194E71A8650210088702C /* SCClassLibrary */,
			);
			sourceTree = "<group>";
		};
		5DA1919A1A86499A0088702C /* Products */ = {
			isa = PBXGroup;
			children = (
				5DA191991A86499A0088702C /* iSCAppSwift.app */,
			);
			name = Products;
			sourceTree = "<group>";
		};
		5DA191D81A864CD50088702C /* Frameworks */ = {
			isa = PBXGroup;
			children = (
				5DBDD2BD257AA3F400D1A4A5 /* libc++.tbd */,
				5DBDD2BE257AA3F400D1A4A5 /* libc++abi.tbd */,
				5DA191C01A864AFD0088702C /* Accelerate.framework */,
				5DA191C11A864AFD0088702C /* AudioToolbox.framework */,
				5DA191C21A864AFD0088702C /* AVFoundation.framework */,
				5DA191C31A864AFD0088702C /* CFNetwork.framework */,
				5DA191C41A864AFD0088702C /* CoreFoundation.framework */,
				5DA191C51A864AFD0088702C /* CoreGraphics.framework */,
				5DA191C61A864AFD0088702C /* CoreMIDI.framework */,
				5DA191C71A864AFD0088702C /* Foundation.framework */,
				5DA191C81A864AFD0088702C /* MediaPlayer.framework */,
				5DA191C91A864AFD0088702C /* UIKit.framework */,
			);
			name = Frameworks;
			sourceTree = "<group>";
		};
		5DB692DA1A88AEA600D491F6 /* Codes */ = {
			isa = PBXGroup;
			children = (
				5DB692DC1A88AEA600D491F6 /* Bridging-Header.h */,
				5DB692DB1A88AEA600D491F6 /* AppDelegate.swift */,
				5DB692DD1A88AEA600D491F6 /* ViewController.swift */,
				5D9F0B711A88B5C200EBB7D8 /* TouchView.swift */,
			);
			path = Codes;
			sourceTree = "<group>";
		};
		5DB692E01A88AEDC00D491F6 /* Resources */ = {
			isa = PBXGroup;
			children = (
				5DB692E11A88AEDC00D491F6 /* Images.xcassets */,
				5DB692E21A88AEDC00D491F6 /* Info.plist */,
			);
			path = Resources;
			sourceTree = "<group>";
		};
/* End PBXGroup section */

/* Begin PBXNativeTarget section */
		5DA191981A86499A0088702C /* iSCAppSwift */ = {
			isa = PBXNativeTarget;
			buildConfigurationList = 5DA191B81A86499A0088702C /* Build configuration list for PBXNativeTarget "iSCAppSwift" */;
			buildPhases = (
				5DA191951A86499A0088702C /* Sources */,
				5DA191961A86499A0088702C /* Frameworks */,
				5DA191971A86499A0088702C /* Resources */,
			);
			buildRules = (
			);
			dependencies = (
			);
			name = iSCAppSwift;
			productName = iSCAppSwift;
			productReference = 5DA191991A86499A0088702C /* iSCAppSwift.app */;
			productType = "com.apple.product-type.application";
		};
/* End PBXNativeTarget section */

/* Begin PBXProject section */
		5DA191911A86499A0088702C /* Project object */ = {
			isa = PBXProject;
			attributes = {
				LastSwiftMigration = 0700;
				LastSwiftUpdateCheck = 0700;
				LastUpgradeCheck = 1320;
				ORGANIZATIONNAME = "Watanabe-DENKI Inc.";
				TargetAttributes = {
					5DA191981A86499A0088702C = {
						CreatedOnToolsVersion = 6.1;
						DevelopmentTeam = N6DRT9P33S;
						LastSwiftMigration = 1020;
						ProvisioningStyle = Automatic;
					};
				};
			};
			buildConfigurationList = 5DA191941A86499A0088702C /* Build configuration list for PBXProject "iSCAppSwift" */;
			compatibilityVersion = "Xcode 3.2";
			developmentRegion = en;
			hasScannedForEncodings = 0;
			knownRegions = (
				en,
				Base,
			);
			mainGroup = 5DA191901A86499A0088702C;
			productRefGroup = 5DA1919A1A86499A0088702C /* Products */;
			projectDirPath = "";
			projectRoot = "";
			targets = (
				5DA191981A86499A0088702C /* iSCAppSwift */,
			);
		};
/* End PBXProject section */

/* Begin PBXResourcesBuildPhase section */
		5DA191971A86499A0088702C /* Resources */ = {
			isa = PBXResourcesBuildPhase;
			buildActionMask = 2147483647;
			files = (
				5DB692E31A88AEDC00D491F6 /* Images.xcassets in Resources */,
				5DA194E81A8650210088702C /* SCClassLibrary in Resources */,
				5DA191BF1A864A000088702C /* Default-568h@2x.png in Resources */,
			);
			runOnlyForDeploymentPostprocessing = 0;
		};
/* End PBXResourcesBuildPhase section */

/* Begin PBXSourcesBuildPhase section */
		5DA191951A86499A0088702C /* Sources */ = {
			isa = PBXSourcesBuildPhase;
			buildActionMask = 2147483647;
			files = (
				5DB692DE1A88AEA600D491F6 /* AppDelegate.swift in Sources */,
				5D9F0B721A88B5C200EBB7D8 /* TouchView.swift in Sources */,
				5DB692DF1A88AEA600D491F6 /* ViewController.swift in Sources */,
			);
			runOnlyForDeploymentPostprocessing = 0;
		};
/* End PBXSourcesBuildPhase section */

/* Begin XCBuildConfiguration section */
		5DA191B61A86499A0088702C /* Debug */ = {
			isa = XCBuildConfiguration;
			buildSettings = {
				ALWAYS_SEARCH_USER_PATHS = NO;
				CLANG_ANALYZER_LOCALIZABILITY_NONLOCALIZED = YES;
				CLANG_CXX_LANGUAGE_STANDARD = "compiler-default";
				CLANG_CXX_LIBRARY = "compiler-default";
				CLANG_ENABLE_MODULES = YES;
				CLANG_ENABLE_OBJC_ARC = YES;
				CLANG_WARN_BLOCK_CAPTURE_AUTORELEASING = YES;
				CLANG_WARN_BOOL_CONVERSION = YES;
				CLANG_WARN_COMMA = YES;
				CLANG_WARN_CONSTANT_CONVERSION = YES;
				CLANG_WARN_DEPRECATED_OBJC_IMPLEMENTATIONS = YES;
				CLANG_WARN_DIRECT_OBJC_ISA_USAGE = YES_ERROR;
				CLANG_WARN_EMPTY_BODY = YES;
				CLANG_WARN_ENUM_CONVERSION = YES;
				CLANG_WARN_INFINITE_RECURSION = YES;
				CLANG_WARN_INT_CONVERSION = YES;
				CLANG_WARN_NON_LITERAL_NULL_CONVERSION = YES;
				CLANG_WARN_OBJC_IMPLICIT_RETAIN_SELF = YES;
				CLANG_WARN_OBJC_LITERAL_CONVERSION = YES;
				CLANG_WARN_OBJC_ROOT_CLASS = YES_ERROR;
				CLANG_WARN_QUOTED_INCLUDE_IN_FRAMEWORK_HEADER = YES;
				CLANG_WARN_RANGE_LOOP_ANALYSIS = YES;
				CLANG_WARN_STRICT_PROTOTYPES = YES;
				CLANG_WARN_SUSPICIOUS_MOVE = YES;
				CLANG_WARN_UNREACHABLE_CODE = YES;
				CLANG_WARN__DUPLICATE_METHOD_MATCH = YES;
				"CODE_SIGN_IDENTITY[sdk=iphoneos*]" = "iPhone Developer";
				COPY_PHASE_STRIP = NO;
				ENABLE_STRICT_OBJC_MSGSEND = YES;
				ENABLE_TESTABILITY = YES;
				GCC_C_LANGUAGE_STANDARD = "compiler-default";
				GCC_DYNAMIC_NO_PIC = NO;
				GCC_NO_COMMON_BLOCKS = YES;
				GCC_OPTIMIZATION_LEVEL = 0;
				GCC_PREPROCESSOR_DEFINITIONS = (
					"DEBUG=1",
					SC_IPHONE,
				);
				GCC_SYMBOLS_PRIVATE_EXTERN = NO;
				GCC_WARN_64_TO_32_BIT_CONVERSION = YES;
				GCC_WARN_ABOUT_RETURN_TYPE = YES_ERROR;
				GCC_WARN_UNDECLARED_SELECTOR = YES;
				GCC_WARN_UNINITIALIZED_AUTOS = YES_AGGRESSIVE;
				GCC_WARN_UNUSED_FUNCTION = YES;
				GCC_WARN_UNUSED_VARIABLE = YES;
				HEADER_SEARCH_PATHS = (
					"$(inherited)",
					/Applications/Xcode.app/Contents/Developer/Toolchains/XcodeDefault.xctoolchain/usr/include,
					"$(PROJECT_DIR)/../..",
				);
				IPHONEOS_DEPLOYMENT_TARGET = 12.0;
				LIBRARY_SEARCH_PATHS = "$(PROJECT_DIR)/../../lib";
				MTL_ENABLE_DEBUG_INFO = YES;
				ONLY_ACTIVE_ARCH = YES;
				OTHER_LDFLAGS = "";
				SDKROOT = iphoneos;
				SWIFT_OPTIMIZATION_LEVEL = "-Onone";
				SYMROOT = "$(PROJECT_DIR)/build";
			};
			name = Debug;
		};
		5DA191B71A86499A0088702C /* Release */ = {
			isa = XCBuildConfiguration;
			buildSettings = {
				ALWAYS_SEARCH_USER_PATHS = NO;
				CLANG_ANALYZER_LOCALIZABILITY_NONLOCALIZED = YES;
				CLANG_CXX_LANGUAGE_STANDARD = "compiler-default";
				CLANG_CXX_LIBRARY = "compiler-default";
				CLANG_ENABLE_MODULES = YES;
				CLANG_ENABLE_OBJC_ARC = YES;
				CLANG_WARN_BLOCK_CAPTURE_AUTORELEASING = YES;
				CLANG_WARN_BOOL_CONVERSION = YES;
				CLANG_WARN_COMMA = YES;
				CLANG_WARN_CONSTANT_CONVERSION = YES;
				CLANG_WARN_DEPRECATED_OBJC_IMPLEMENTATIONS = YES;
				CLANG_WARN_DIRECT_OBJC_ISA_USAGE = YES_ERROR;
				CLANG_WARN_EMPTY_BODY = YES;
				CLANG_WARN_ENUM_CONVERSION = YES;
				CLANG_WARN_INFINITE_RECURSION = YES;
				CLANG_WARN_INT_CONVERSION = YES;
				CLANG_WARN_NON_LITERAL_NULL_CONVERSION = YES;
				CLANG_WARN_OBJC_IMPLICIT_RETAIN_SELF = YES;
				CLANG_WARN_OBJC_LITERAL_CONVERSION = YES;
				CLANG_WARN_OBJC_ROOT_CLASS = YES_ERROR;
				CLANG_WARN_QUOTED_INCLUDE_IN_FRAMEWORK_HEADER = YES;
				CLANG_WARN_RANGE_LOOP_ANALYSIS = YES;
				CLANG_WARN_STRICT_PROTOTYPES = YES;
				CLANG_WARN_SUSPICIOUS_MOVE = YES;
				CLANG_WARN_UNREACHABLE_CODE = YES;
				CLANG_WARN__DUPLICATE_METHOD_MATCH = YES;
				"CODE_SIGN_IDENTITY[sdk=iphoneos*]" = "iPhone Developer";
				COPY_PHASE_STRIP = YES;
				ENABLE_NS_ASSERTIONS = NO;
				ENABLE_STRICT_OBJC_MSGSEND = YES;
				GCC_C_LANGUAGE_STANDARD = "compiler-default";
				GCC_NO_COMMON_BLOCKS = YES;
				GCC_PREPROCESSOR_DEFINITIONS = (
					SC_IPHONE,
					NDEBUG,
				);
				GCC_WARN_64_TO_32_BIT_CONVERSION = YES;
				GCC_WARN_ABOUT_RETURN_TYPE = YES_ERROR;
				GCC_WARN_UNDECLARED_SELECTOR = YES;
				GCC_WARN_UNINITIALIZED_AUTOS = YES_AGGRESSIVE;
				GCC_WARN_UNUSED_FUNCTION = YES;
				GCC_WARN_UNUSED_VARIABLE = YES;
				HEADER_SEARCH_PATHS = (
					"$(inherited)",
					/Applications/Xcode.app/Contents/Developer/Toolchains/XcodeDefault.xctoolchain/usr/include,
					"$(PROJECT_DIR)/../..",
				);
				IPHONEOS_DEPLOYMENT_TARGET = 12.0;
				LIBRARY_SEARCH_PATHS = "$(PROJECT_DIR)/../../lib";
				MTL_ENABLE_DEBUG_INFO = NO;
				OTHER_LDFLAGS = "";
				SDKROOT = iphoneos;
				SWIFT_OPTIMIZATION_LEVEL = "-Owholemodule";
				SYMROOT = "$(PROJECT_DIR)/build";
				VALIDATE_PRODUCT = YES;
			};
			name = Release;
		};
		5DA191B91A86499A0088702C /* Debug */ = {
			isa = XCBuildConfiguration;
			buildSettings = {
				ASSETCATALOG_COMPILER_APPICON_NAME = AppIcon;
				CLANG_ENABLE_MODULES = YES;
				CODE_SIGN_IDENTITY = "Apple Development";
				CODE_SIGN_STYLE = Automatic;
				DEVELOPMENT_TEAM = N6DRT9P33S;
				INFOPLIST_FILE = Resources/Info.plist;
				IPHONEOS_DEPLOYMENT_TARGET = 12.0;
				LD_RUNPATH_SEARCH_PATHS = "$(inherited) @executable_path/Frameworks";
				OTHER_LDFLAGS = (
					"-lsndfile",
					"-lscsynth",
					"-liSCKit",
				);
				PRODUCT_BUNDLE_IDENTIFIER = jp.co.wdkk.iSCAppSwift;
				PRODUCT_NAME = "$(TARGET_NAME)";
				PROVISIONING_PROFILE_SPECIFIER = "";
				SWIFT_OBJC_BRIDGING_HEADER = "$(PROJECT_DIR)/Codes/Bridging-Header.h";
				SWIFT_OPTIMIZATION_LEVEL = "-Onone";
				SWIFT_VERSION = 4.0;
				TARGETED_DEVICE_FAMILY = "1,2";
			};
			name = Debug;
		};
		5DA191BA1A86499A0088702C /* Release */ = {
			isa = XCBuildConfiguration;
			buildSettings = {
				ASSETCATALOG_COMPILER_APPICON_NAME = AppIcon;
				CLANG_ENABLE_MODULES = YES;
				CODE_SIGN_IDENTITY = "Apple Development";
				CODE_SIGN_STYLE = Automatic;
				DEVELOPMENT_TEAM = N6DRT9P33S;
				INFOPLIST_FILE = Resources/Info.plist;
				IPHONEOS_DEPLOYMENT_TARGET = 12.0;
				LD_RUNPATH_SEARCH_PATHS = "$(inherited) @executable_path/Frameworks";
				OTHER_LDFLAGS = (
					"-lsndfile",
					"-lscsynth",
					"-liSCKit",
				);
				PRODUCT_BUNDLE_IDENTIFIER = jp.co.wdkk.iSCAppSwift;
				PRODUCT_NAME = "$(TARGET_NAME)";
				PROVISIONING_PROFILE_SPECIFIER = "";
				SWIFT_OBJC_BRIDGING_HEADER = "$(PROJECT_DIR)/Codes/Bridging-Header.h";
				SWIFT_VERSION = 4.0;
				TARGETED_DEVICE_FAMILY = "1,2";
			};
			name = Release;
		};
/* End XCBuildConfiguration section */

/* Begin XCConfigurationList section */
		5DA191941A86499A0088702C /* Build configuration list for PBXProject "iSCAppSwift" */ = {
			isa = XCConfigurationList;
			buildConfigurations = (
				5DA191B61A86499A0088702C /* Debug */,
				5DA191B71A86499A0088702C /* Release */,
			);
			defaultConfigurationIsVisible = 0;
			defaultConfigurationName = Release;
		};
		5DA191B81A86499A0088702C /* Build configuration list for PBXNativeTarget "iSCAppSwift" */ = {
			isa = XCConfigurationList;
			buildConfigurations = (
				5DA191B91A86499A0088702C /* Debug */,
				5DA191BA1A86499A0088702C /* Release */,
			);
			defaultConfigurationIsVisible = 0;
			defaultConfigurationName = Release;
		};
/* End XCConfigurationList section */
	};
	rootObject = 5DA191911A86499A0088702C /* Project object */;
}
